// !$*UTF8*$!
{
	archiveVersion = 1;
	classes = {
	};
	objectVersion = 50;
	objects = {

/* Begin PBXBuildFile section */
		7DE83CCD20B163BD0029920C /* AppDelegate.swift in Sources */ = {isa = PBXBuildFile; fileRef = 7DE83CCC20B163BD0029920C /* AppDelegate.swift */; };
		7DE83CCF20B163BD0029920C /* ViewController.swift in Sources */ = {isa = PBXBuildFile; fileRef = 7DE83CCE20B163BD0029920C /* ViewController.swift */; };
		7DE83CD220B163BD0029920C /* Main.storyboard in Resources */ = {isa = PBXBuildFile; fileRef = 7DE83CD020B163BD0029920C /* Main.storyboard */; };
		7DE83CD520B163BD0029920C /* Bandori_cal.xcdatamodeld in Sources */ = {isa = PBXBuildFile; fileRef = 7DE83CD320B163BD0029920C /* Bandori_cal.xcdatamodeld */; };
		7DE83CD720B163BE0029920C /* Assets.xcassets in Resources */ = {isa = PBXBuildFile; fileRef = 7DE83CD620B163BE0029920C /* Assets.xcassets */; };
		7DE83CDA20B163BE0029920C /* LaunchScreen.storyboard in Resources */ = {isa = PBXBuildFile; fileRef = 7DE83CD820B163BE0029920C /* LaunchScreen.storyboard */; };
		7DE83CE520B163BE0029920C /* Bandori_calTests.swift in Sources */ = {isa = PBXBuildFile; fileRef = 7DE83CE420B163BE0029920C /* Bandori_calTests.swift */; };
		7DE83CF020B163BE0029920C /* Bandori_calUITests.swift in Sources */ = {isa = PBXBuildFile; fileRef = 7DE83CEF20B163BE0029920C /* Bandori_calUITests.swift */; };
/* End PBXBuildFile section */

/* Begin PBXContainerItemProxy section */
		7DE83CE120B163BE0029920C /* PBXContainerItemProxy */ = {
			isa = PBXContainerItemProxy;
			containerPortal = 7DE83CC120B163BD0029920C /* Project object */;
			proxyType = 1;
			remoteGlobalIDString = 7DE83CC820B163BD0029920C;
			remoteInfo = Bandori_cal;
		};
		7DE83CEC20B163BE0029920C /* PBXContainerItemProxy */ = {
			isa = PBXContainerItemProxy;
			containerPortal = 7DE83CC120B163BD0029920C /* Project object */;
			proxyType = 1;
			remoteGlobalIDString = 7DE83CC820B163BD0029920C;
			remoteInfo = Bandori_cal;
		};
/* End PBXContainerItemProxy section */

/* Begin PBXFileReference section */
		7DE83CC920B163BD0029920C /* Bandori_cal.app */ = {isa = PBXFileReference; explicitFileType = wrapper.application; includeInIndex = 0; path = Bandori_cal.app; sourceTree = BUILT_PRODUCTS_DIR; };
		7DE83CCC20B163BD0029920C /* AppDelegate.swift */ = {isa = PBXFileReference; lastKnownFileType = sourcecode.swift; path = AppDelegate.swift; sourceTree = "<group>"; };
		7DE83CCE20B163BD0029920C /* ViewController.swift */ = {isa = PBXFileReference; lastKnownFileType = sourcecode.swift; path = ViewController.swift; sourceTree = "<group>"; };
		7DE83CD120B163BD0029920C /* Base */ = {isa = PBXFileReference; lastKnownFileType = file.storyboard; name = Base; path = Base.lproj/Main.storyboard; sourceTree = "<group>"; };
		7DE83CD420B163BD0029920C /* Bandori_cal.xcdatamodel */ = {isa = PBXFileReference; lastKnownFileType = wrapper.xcdatamodel; path = Bandori_cal.xcdatamodel; sourceTree = "<group>"; };
		7DE83CD620B163BE0029920C /* Assets.xcassets */ = {isa = PBXFileReference; lastKnownFileType = folder.assetcatalog; path = Assets.xcassets; sourceTree = "<group>"; };
		7DE83CD920B163BE0029920C /* Base */ = {isa = PBXFileReference; lastKnownFileType = file.storyboard; name = Base; path = Base.lproj/LaunchScreen.storyboard; sourceTree = "<group>"; };
		7DE83CDB20B163BE0029920C /* Info.plist */ = {isa = PBXFileReference; lastKnownFileType = text.plist.xml; path = Info.plist; sourceTree = "<group>"; };
		7DE83CE020B163BE0029920C /* Bandori_calTests.xctest */ = {isa = PBXFileReference; explicitFileType = wrapper.cfbundle; includeInIndex = 0; path = Bandori_calTests.xctest; sourceTree = BUILT_PRODUCTS_DIR; };
		7DE83CE420B163BE0029920C /* Bandori_calTests.swift */ = {isa = PBXFileReference; lastKnownFileType = sourcecode.swift; path = Bandori_calTests.swift; sourceTree = "<group>"; };
		7DE83CE620B163BE0029920C /* Info.plist */ = {isa = PBXFileReference; lastKnownFileType = text.plist.xml; path = Info.plist; sourceTree = "<group>"; };
		7DE83CEB20B163BE0029920C /* Bandori_calUITests.xctest */ = {isa = PBXFileReference; explicitFileType = wrapper.cfbundle; includeInIndex = 0; path = Bandori_calUITests.xctest; sourceTree = BUILT_PRODUCTS_DIR; };
		7DE83CEF20B163BE0029920C /* Bandori_calUITests.swift */ = {isa = PBXFileReference; lastKnownFileType = sourcecode.swift; path = Bandori_calUITests.swift; sourceTree = "<group>"; };
		7DE83CF120B163BE0029920C /* Info.plist */ = {isa = PBXFileReference; lastKnownFileType = text.plist.xml; path = Info.plist; sourceTree = "<group>"; };
/* End PBXFileReference section */

/* Begin PBXFrameworksBuildPhase section */
		7DE83CC620B163BD0029920C /* Frameworks */ = {
			isa = PBXFrameworksBuildPhase;
			buildActionMask = 2147483647;
			files = (
			);
			runOnlyForDeploymentPostprocessing = 0;
		};
		7DE83CDD20B163BE0029920C /* Frameworks */ = {
			isa = PBXFrameworksBuildPhase;
			buildActionMask = 2147483647;
			files = (
			);
			runOnlyForDeploymentPostprocessing = 0;
		};
		7DE83CE820B163BE0029920C /* Frameworks */ = {
			isa = PBXFrameworksBuildPhase;
			buildActionMask = 2147483647;
			files = (
			);
			runOnlyForDeploymentPostprocessing = 0;
		};
/* End PBXFrameworksBuildPhase section */

/* Begin PBXGroup section */
		7DE83CC020B163BD0029920C = {
			isa = PBXGroup;
			children = (
				7DE83CCB20B163BD0029920C /* Bandori_cal */,
				7DE83CE320B163BE0029920C /* Bandori_calTests */,
				7DE83CEE20B163BE0029920C /* Bandori_calUITests */,
				7DE83CCA20B163BD0029920C /* Products */,
			);
			sourceTree = "<group>";
		};
		7DE83CCA20B163BD0029920C /* Products */ = {
			isa = PBXGroup;
			children = (
				7DE83CC920B163BD0029920C /* Bandori_cal.app */,
				7DE83CE020B163BE0029920C /* Bandori_calTests.xctest */,
				7DE83CEB20B163BE0029920C /* Bandori_calUITests.xctest */,
			);
			name = Products;
			sourceTree = "<group>";
		};
		7DE83CCB20B163BD0029920C /* Bandori_cal */ = {
			isa = PBXGroup;
			children = (
				7DE83CCC20B163BD0029920C /* AppDelegate.swift */,
				7DE83CCE20B163BD0029920C /* ViewController.swift */,
				7DE83CD020B163BD0029920C /* Main.storyboard */,
				7DE83CD620B163BE0029920C /* Assets.xcassets */,
				7DE83CD820B163BE0029920C /* LaunchScreen.storyboard */,
				7DE83CDB20B163BE0029920C /* Info.plist */,
				7DE83CD320B163BD0029920C /* Bandori_cal.xcdatamodeld */,
			);
			path = Bandori_cal;
			sourceTree = "<group>";
		};
		7DE83CE320B163BE0029920C /* Bandori_calTests */ = {
			isa = PBXGroup;
			children = (
				7DE83CE420B163BE0029920C /* Bandori_calTests.swift */,
				7DE83CE620B163BE0029920C /* Info.plist */,
			);
			path = Bandori_calTests;
			sourceTree = "<group>";
		};
		7DE83CEE20B163BE0029920C /* Bandori_calUITests */ = {
			isa = PBXGroup;
			children = (
				7DE83CEF20B163BE0029920C /* Bandori_calUITests.swift */,
				7DE83CF120B163BE0029920C /* Info.plist */,
			);
			path = Bandori_calUITests;
			sourceTree = "<group>";
		};
/* End PBXGroup section */

/* Begin PBXNativeTarget section */
		7DE83CC820B163BD0029920C /* Bandori_cal */ = {
			isa = PBXNativeTarget;
			buildConfigurationList = 7DE83CF420B163BE0029920C /* Build configuration list for PBXNativeTarget "Bandori_cal" */;
			buildPhases = (
				7DE83CC520B163BD0029920C /* Sources */,
				7DE83CC620B163BD0029920C /* Frameworks */,
				7DE83CC720B163BD0029920C /* Resources */,
			);
			buildRules = (
			);
			dependencies = (
			);
			name = Bandori_cal;
			productName = Bandori_cal;
			productReference = 7DE83CC920B163BD0029920C /* Bandori_cal.app */;
			productType = "com.apple.product-type.application";
		};
		7DE83CDF20B163BE0029920C /* Bandori_calTests */ = {
			isa = PBXNativeTarget;
			buildConfigurationList = 7DE83CF720B163BE0029920C /* Build configuration list for PBXNativeTarget "Bandori_calTests" */;
			buildPhases = (
				7DE83CDC20B163BE0029920C /* Sources */,
				7DE83CDD20B163BE0029920C /* Frameworks */,
				7DE83CDE20B163BE0029920C /* Resources */,
			);
			buildRules = (
			);
			dependencies = (
				7DE83CE220B163BE0029920C /* PBXTargetDependency */,
			);
			name = Bandori_calTests;
			productName = Bandori_calTests;
			productReference = 7DE83CE020B163BE0029920C /* Bandori_calTests.xctest */;
			productType = "com.apple.product-type.bundle.unit-test";
		};
		7DE83CEA20B163BE0029920C /* Bandori_calUITests */ = {
			isa = PBXNativeTarget;
			buildConfigurationList = 7DE83CFA20B163BE0029920C /* Build configuration list for PBXNativeTarget "Bandori_calUITests" */;
			buildPhases = (
				7DE83CE720B163BE0029920C /* Sources */,
				7DE83CE820B163BE0029920C /* Frameworks */,
				7DE83CE920B163BE0029920C /* Resources */,
			);
			buildRules = (
			);
			dependencies = (
				7DE83CED20B163BE0029920C /* PBXTargetDependency */,
			);
			name = Bandori_calUITests;
			productName = Bandori_calUITests;
			productReference = 7DE83CEB20B163BE0029920C /* Bandori_calUITests.xctest */;
			productType = "com.apple.product-type.bundle.ui-testing";
		};
/* End PBXNativeTarget section */

/* Begin PBXProject section */
		7DE83CC120B163BD0029920C /* Project object */ = {
			isa = PBXProject;
			attributes = {
				LastSwiftUpdateCheck = 0930;
				LastUpgradeCheck = 0930;
				ORGANIZATIONNAME = hirotoshin;
				TargetAttributes = {
					7DE83CC820B163BD0029920C = {
						CreatedOnToolsVersion = 9.3.1;
					};
					7DE83CDF20B163BE0029920C = {
						CreatedOnToolsVersion = 9.3.1;
						TestTargetID = 7DE83CC820B163BD0029920C;
					};
					7DE83CEA20B163BE0029920C = {
						CreatedOnToolsVersion = 9.3.1;
						TestTargetID = 7DE83CC820B163BD0029920C;
					};
				};
			};
			buildConfigurationList = 7DE83CC420B163BD0029920C /* Build configuration list for PBXProject "Bandori_cal" */;
			compatibilityVersion = "Xcode 9.3";
			developmentRegion = en;
			hasScannedForEncodings = 0;
			knownRegions = (
				en,
				Base,
			);
			mainGroup = 7DE83CC020B163BD0029920C;
			productRefGroup = 7DE83CCA20B163BD0029920C /* Products */;
			projectDirPath = "";
			projectRoot = "";
			targets = (
				7DE83CC820B163BD0029920C /* Bandori_cal */,
				7DE83CDF20B163BE0029920C /* Bandori_calTests */,
				7DE83CEA20B163BE0029920C /* Bandori_calUITests */,
			);
		};
/* End PBXProject section */

/* Begin PBXResourcesBuildPhase section */
		7DE83CC720B163BD0029920C /* Resources */ = {
			isa = PBXResourcesBuildPhase;
			buildActionMask = 2147483647;
			files = (
				7DE83CDA20B163BE0029920C /* LaunchScreen.storyboard in Resources */,
				7DE83CD720B163BE0029920C /* Assets.xcassets in Resources */,
				7DE83CD220B163BD0029920C /* Main.storyboard in Resources */,
			);
			runOnlyForDeploymentPostprocessing = 0;
		};
		7DE83CDE20B163BE0029920C /* Resources */ = {
			isa = PBXResourcesBuildPhase;
			buildActionMask = 2147483647;
			files = (
			);
			runOnlyForDeploymentPostprocessing = 0;
		};
		7DE83CE920B163BE0029920C /* Resources */ = {
			isa = PBXResourcesBuildPhase;
			buildActionMask = 2147483647;
			files = (
			);
			runOnlyForDeploymentPostprocessing = 0;
		};
/* End PBXResourcesBuildPhase section */

/* Begin PBXSourcesBuildPhase section */
		7DE83CC520B163BD0029920C /* Sources */ = {
			isa = PBXSourcesBuildPhase;
			buildActionMask = 2147483647;
			files = (
				7DE83CCF20B163BD0029920C /* ViewController.swift in Sources */,
				7DE83CCD20B163BD0029920C /* AppDelegate.swift in Sources */,
				7DE83CD520B163BD0029920C /* Bandori_cal.xcdatamodeld in Sources */,
			);
			runOnlyForDeploymentPostprocessing = 0;
		};
		7DE83CDC20B163BE0029920C /* Sources */ = {
			isa = PBXSourcesBuildPhase;
			buildActionMask = 2147483647;
			files = (
				7DE83CE520B163BE0029920C /* Bandori_calTests.swift in Sources */,
			);
			runOnlyForDeploymentPostprocessing = 0;
		};
		7DE83CE720B163BE0029920C /* Sources */ = {
			isa = PBXSourcesBuildPhase;
			buildActionMask = 2147483647;
			files = (
				7DE83CF020B163BE0029920C /* Bandori_calUITests.swift in Sources */,
			);
			runOnlyForDeploymentPostprocessing = 0;
		};
/* End PBXSourcesBuildPhase section */

/* Begin PBXTargetDependency section */
		7DE83CE220B163BE0029920C /* PBXTargetDependency */ = {
			isa = PBXTargetDependency;
			target = 7DE83CC820B163BD0029920C /* Bandori_cal */;
			targetProxy = 7DE83CE120B163BE0029920C /* PBXContainerItemProxy */;
		};
		7DE83CED20B163BE0029920C /* PBXTargetDependency */ = {
			isa = PBXTargetDependency;
			target = 7DE83CC820B163BD0029920C /* Bandori_cal */;
			targetProxy = 7DE83CEC20B163BE0029920C /* PBXContainerItemProxy */;
		};
/* End PBXTargetDependency section */

/* Begin PBXVariantGroup section */
		7DE83CD020B163BD0029920C /* Main.storyboard */ = {
			isa = PBXVariantGroup;
			children = (
				7DE83CD120B163BD0029920C /* Base */,
			);
			name = Main.storyboard;
			sourceTree = "<group>";
		};
		7DE83CD820B163BE0029920C /* LaunchScreen.storyboard */ = {
			isa = PBXVariantGroup;
			children = (
				7DE83CD920B163BE0029920C /* Base */,
			);
			name = LaunchScreen.storyboard;
			sourceTree = "<group>";
		};
/* End PBXVariantGroup section */

/* Begin XCBuildConfiguration section */
		7DE83CF220B163BE0029920C /* Debug */ = {
			isa = XCBuildConfiguration;
			buildSettings = {
				ALWAYS_SEARCH_USER_PATHS = NO;
				CLANG_ANALYZER_NONNULL = YES;
				CLANG_ANALYZER_NUMBER_OBJECT_CONVERSION = YES_AGGRESSIVE;
				CLANG_CXX_LANGUAGE_STANDARD = "gnu++14";
				CLANG_CXX_LIBRARY = "libc++";
				CLANG_ENABLE_MODULES = YES;
				CLANG_ENABLE_OBJC_ARC = YES;
				CLANG_ENABLE_OBJC_WEAK = YES;
				CLANG_WARN_BLOCK_CAPTURE_AUTORELEASING = YES;
				CLANG_WARN_BOOL_CONVERSION = YES;
				CLANG_WARN_COMMA = YES;
				CLANG_WARN_CONSTANT_CONVERSION = YES;
				CLANG_WARN_DEPRECATED_OBJC_IMPLEMENTATIONS = YES;
				CLANG_WARN_DIRECT_OBJC_ISA_USAGE = YES_ERROR;
				CLANG_WARN_DOCUMENTATION_COMMENTS = YES;
				CLANG_WARN_EMPTY_BODY = YES;
				CLANG_WARN_ENUM_CONVERSION = YES;
				CLANG_WARN_INFINITE_RECURSION = YES;
				CLANG_WARN_INT_CONVERSION = YES;
				CLANG_WARN_NON_LITERAL_NULL_CONVERSION = YES;
				CLANG_WARN_OBJC_IMPLICIT_RETAIN_SELF = YES;
				CLANG_WARN_OBJC_LITERAL_CONVERSION = YES;
				CLANG_WARN_OBJC_ROOT_CLASS = YES_ERROR;
				CLANG_WARN_RANGE_LOOP_ANALYSIS = YES;
				CLANG_WARN_STRICT_PROTOTYPES = YES;
				CLANG_WARN_SUSPICIOUS_MOVE = YES;
				CLANG_WARN_UNGUARDED_AVAILABILITY = YES_AGGRESSIVE;
				CLANG_WARN_UNREACHABLE_CODE = YES;
				CLANG_WARN__DUPLICATE_METHOD_MATCH = YES;
				CODE_SIGN_IDENTITY = "iPhone Developer";
				COPY_PHASE_STRIP = NO;
				DEBUG_INFORMATION_FORMAT = dwarf;
				ENABLE_STRICT_OBJC_MSGSEND = YES;
				ENABLE_TESTABILITY = YES;
				GCC_C_LANGUAGE_STANDARD = gnu11;
				GCC_DYNAMIC_NO_PIC = NO;
				GCC_NO_COMMON_BLOCKS = YES;
				GCC_OPTIMIZATION_LEVEL = 0;
				GCC_PREPROCESSOR_DEFINITIONS = (
					"DEBUG=1",
					"$(inherited)",
				);
				GCC_WARN_64_TO_32_BIT_CONVERSION = YES;
				GCC_WARN_ABOUT_RETURN_TYPE = YES_ERROR;
				GCC_WARN_UNDECLARED_SELECTOR = YES;
				GCC_WARN_UNINITIALIZED_AUTOS = YES_AGGRESSIVE;
				GCC_WARN_UNUSED_FUNCTION = YES;
				GCC_WARN_UNUSED_VARIABLE = YES;
				IPHONEOS_DEPLOYMENT_TARGET = 11.3;
				MTL_ENABLE_DEBUG_INFO = YES;
				ONLY_ACTIVE_ARCH = YES;
				SDKROOT = iphoneos;
				SWIFT_ACTIVE_COMPILATION_CONDITIONS = DEBUG;
				SWIFT_OPTIMIZATION_LEVEL = "-Onone";
			};
			name = Debug;
		};
		7DE83CF320B163BE0029920C /* Release */ = {
			isa = XCBuildConfiguration;
			buildSettings = {
				ALWAYS_SEARCH_USER_PATHS = NO;
				CLANG_ANALYZER_NONNULL = YES;
				CLANG_ANALYZER_NUMBER_OBJECT_CONVERSION = YES_AGGRESSIVE;
				CLANG_CXX_LANGUAGE_STANDARD = "gnu++14";
				CLANG_CXX_LIBRARY = "libc++";
				CLANG_ENABLE_MODULES = YES;
				CLANG_ENABLE_OBJC_ARC = YES;
				CLANG_ENABLE_OBJC_WEAK = YES;
				CLANG_WARN_BLOCK_CAPTURE_AUTORELEASING = YES;
				CLANG_WARN_BOOL_CONVERSION = YES;
				CLANG_WARN_COMMA = YES;
				CLANG_WARN_CONSTANT_CONVERSION = YES;
				CLANG_WARN_DEPRECATED_OBJC_IMPLEMENTATIONS = YES;
				CLANG_WARN_DIRECT_OBJC_ISA_USAGE = YES_ERROR;
				CLANG_WARN_DOCUMENTATION_COMMENTS = YES;
				CLANG_WARN_EMPTY_BODY = YES;
				CLANG_WARN_ENUM_CONVERSION = YES;
				CLANG_WARN_INFINITE_RECURSION = YES;
				CLANG_WARN_INT_CONVERSION = YES;
				CLANG_WARN_NON_LITERAL_NULL_CONVERSION = YES;
				CLANG_WARN_OBJC_IMPLICIT_RETAIN_SELF = YES;
				CLANG_WARN_OBJC_LITERAL_CONVERSION = YES;
				CLANG_WARN_OBJC_ROOT_CLASS = YES_ERROR;
				CLANG_WARN_RANGE_LOOP_ANALYSIS = YES;
				CLANG_WARN_STRICT_PROTOTYPES = YES;
				CLANG_WARN_SUSPICIOUS_MOVE = YES;
				CLANG_WARN_UNGUARDED_AVAILABILITY = YES_AGGRESSIVE;
				CLANG_WARN_UNREACHABLE_CODE = YES;
				CLANG_WARN__DUPLICATE_METHOD_MATCH = YES;
				CODE_SIGN_IDENTITY = "iPhone Developer";
				COPY_PHASE_STRIP = NO;
				DEBUG_INFORMATION_FORMAT = "dwarf-with-dsym";
				ENABLE_NS_ASSERTIONS = NO;
				ENABLE_STRICT_OBJC_MSGSEND = YES;
				GCC_C_LANGUAGE_STANDARD = gnu11;
				GCC_NO_COMMON_BLOCKS = YES;
				GCC_WARN_64_TO_32_BIT_CONVERSION = YES;
				GCC_WARN_ABOUT_RETURN_TYPE = YES_ERROR;
				GCC_WARN_UNDECLARED_SELECTOR = YES;
				GCC_WARN_UNINITIALIZED_AUTOS = YES_AGGRESSIVE;
				GCC_WARN_UNUSED_FUNCTION = YES;
				GCC_WARN_UNUSED_VARIABLE = YES;
				IPHONEOS_DEPLOYMENT_TARGET = 11.3;
				MTL_ENABLE_DEBUG_INFO = NO;
				SDKROOT = iphoneos;
				SWIFT_COMPILATION_MODE = wholemodule;
				SWIFT_OPTIMIZATION_LEVEL = "-O";
				VALIDATE_PRODUCT = YES;
			};
			name = Release;
		};
		7DE83CF520B163BE0029920C /* Debug */ = {
			isa = XCBuildConfiguration;
			buildSettings = {
				ASSETCATALOG_COMPILER_APPICON_NAME = AppIcon;
				CODE_SIGN_STYLE = Automatic;
				INFOPLIST_FILE = Bandori_cal/Info.plist;
				LD_RUNPATH_SEARCH_PATHS = (
					"$(inherited)",
					"@executable_path/Frameworks",
				);
				PRODUCT_BUNDLE_IDENTIFIER = "com.hirotoshin.Bandori-cal";
				PRODUCT_NAME = "$(TARGET_NAME)";
				SWIFT_VERSION = 4.0;
				TARGETED_DEVICE_FAMILY = "1,2";
			};
			name = Debug;
		};
		7DE83CF620B163BE0029920C /* Release */ = {
			isa = XCBuildConfiguration;
			buildSettings = {
				ASSETCATALOG_COMPILER_APPICON_NAME = AppIcon;
				CODE_SIGN_STYLE = Automatic;
				INFOPLIST_FILE = Bandori_cal/Info.plist;
				LD_RUNPATH_SEARCH_PATHS = (
					"$(inherited)",
					"@executable_path/Frameworks",
				);
				PRODUCT_BUNDLE_IDENTIFIER = "com.hirotoshin.Bandori-cal";
				PRODUCT_NAME = "$(TARGET_NAME)";
				SWIFT_VERSION = 4.0;
				TARGETED_DEVICE_FAMILY = "1,2";
			};
			name = Release;
		};
		7DE83CF820B163BE0029920C /* Debug */ = {
			isa = XCBuildConfiguration;
			buildSettings = {
				ALWAYS_EMBED_SWIFT_STANDARD_LIBRARIES = YES;
				BUNDLE_LOADER = "$(TEST_HOST)";
				CODE_SIGN_STYLE = Automatic;
				INFOPLIST_FILE = Bandori_calTests/Info.plist;
				LD_RUNPATH_SEARCH_PATHS = (
					"$(inherited)",
					"@executable_path/Frameworks",
					"@loader_path/Frameworks",
				);
				PRODUCT_BUNDLE_IDENTIFIER = "com.hirotoshin.Bandori-calTests";
				PRODUCT_NAME = "$(TARGET_NAME)";
				SWIFT_VERSION = 4.0;
				TARGETED_DEVICE_FAMILY = "1,2";
				TEST_HOST = "$(BUILT_PRODUCTS_DIR)/Bandori_cal.app/Bandori_cal";
			};
			name = Debug;
		};
		7DE83CF920B163BE0029920C /* Release */ = {
			isa = XCBuildConfiguration;
			buildSettings = {
				ALWAYS_EMBED_SWIFT_STANDARD_LIBRARIES = YES;
				BUNDLE_LOADER = "$(TEST_HOST)";
				CODE_SIGN_STYLE = Automatic;
				INFOPLIST_FILE = Bandori_calTests/Info.plist;
				LD_RUNPATH_SEARCH_PATHS = (
					"$(inherited)",
					"@executable_path/Frameworks",
					"@loader_path/Frameworks",
				);
				PRODUCT_BUNDLE_IDENTIFIER = "com.hirotoshin.Bandori-calTests";
				PRODUCT_NAME = "$(TARGET_NAME)";
				SWIFT_VERSION = 4.0;
				TARGETED_DEVICE_FAMILY = "1,2";
				TEST_HOST = "$(BUILT_PRODUCTS_DIR)/Bandori_cal.app/Bandori_cal";
			};
			name = Release;
		};
		7DE83CFB20B163BE0029920C /* Debug */ = {
			isa = XCBuildConfiguration;
			buildSettings = {
				ALWAYS_EMBED_SWIFT_STANDARD_LIBRARIES = YES;
				CODE_SIGN_STYLE = Automatic;
				INFOPLIST_FILE = Bandori_calUITests/Info.plist;
				LD_RUNPATH_SEARCH_PATHS = (
					"$(inherited)",
					"@executable_path/Frameworks",
					"@loader_path/Frameworks",
				);
				PRODUCT_BUNDLE_IDENTIFIER = "com.hirotoshin.Bandori-calUITests";
				PRODUCT_NAME = "$(TARGET_NAME)";
				SWIFT_VERSION = 4.0;
				TARGETED_DEVICE_FAMILY = "1,2";
				TEST_TARGET_NAME = Bandori_cal;
			};
			name = Debug;
		};
		7DE83CFC20B163BE0029920C /* Release */ = {
			isa = XCBuildConfiguration;
			buildSettings = {
				ALWAYS_EMBED_SWIFT_STANDARD_LIBRARIES = YES;
				CODE_SIGN_STYLE = Automatic;
				INFOPLIST_FILE = Bandori_calUITests/Info.plist;
				LD_RUNPATH_SEARCH_PATHS = (
					"$(inherited)",
					"@executable_path/Frameworks",
					"@loader_path/Frameworks",
				);
				PRODUCT_BUNDLE_IDENTIFIER = "com.hirotoshin.Bandori-calUITests";
				PRODUCT_NAME = "$(TARGET_NAME)";
				SWIFT_VERSION = 4.0;
				TARGETED_DEVICE_FAMILY = "1,2";
				TEST_TARGET_NAME = Bandori_cal;
			};
			name = Release;
		};
/* End XCBuildConfiguration section */

/* Begin XCConfigurationList section */
		7DE83CC420B163BD0029920C /* Build configuration list for PBXProject "Bandori_cal" */ = {
			isa = XCConfigurationList;
			buildConfigurations = (
				7DE83CF220B163BE0029920C /* Debug */,
				7DE83CF320B163BE0029920C /* Release */,
			);
			defaultConfigurationIsVisible = 0;
			defaultConfigurationName = Release;
		};
		7DE83CF420B163BE0029920C /* Build configuration list for PBXNativeTarget "Bandori_cal" */ = {
			isa = XCConfigurationList;
			buildConfigurations = (
				7DE83CF520B163BE0029920C /* Debug */,
				7DE83CF620B163BE0029920C /* Release */,
			);
			defaultConfigurationIsVisible = 0;
			defaultConfigurationName = Release;
		};
		7DE83CF720B163BE0029920C /* Build configuration list for PBXNativeTarget "Bandori_calTests" */ = {
			isa = XCConfigurationList;
			buildConfigurations = (
				7DE83CF820B163BE0029920C /* Debug */,
				7DE83CF920B163BE0029920C /* Release */,
			);
			defaultConfigurationIsVisible = 0;
			defaultConfigurationName = Release;
		};
		7DE83CFA20B163BE0029920C /* Build configuration list for PBXNativeTarget "Bandori_calUITests" */ = {
			isa = XCConfigurationList;
			buildConfigurations = (
				7DE83CFB20B163BE0029920C /* Debug */,
				7DE83CFC20B163BE0029920C /* Release */,
			);
			defaultConfigurationIsVisible = 0;
			defaultConfigurationName = Release;
		};
/* End XCConfigurationList section */

/* Begin XCVersionGroup section */
		7DE83CD320B163BD0029920C /* Bandori_cal.xcdatamodeld */ = {
			isa = XCVersionGroup;
			children = (
				7DE83CD420B163BD0029920C /* Bandori_cal.xcdatamodel */,
			);
			currentVersion = 7DE83CD420B163BD0029920C /* Bandori_cal.xcdatamodel */;
			path = Bandori_cal.xcdatamodeld;
			sourceTree = "<group>";
			versionGroupType = wrapper.xcdatamodel;
		};
/* End XCVersionGroup section */
	};
	rootObject = 7DE83CC120B163BD0029920C /* Project object */;
}
